// !$*UTF8*$!
{
	archiveVersion = 1;
	classes = {
	};
	objectVersion = 48;
	objects = {

/* Begin PBXBuildFile section */
		4E1E36E0204E8D7100696EBD /* AppDelegate.swift in Sources */ = {isa = PBXBuildFile; fileRef = 4E1E36DF204E8D7100696EBD /* AppDelegate.swift */; };
		4E1E36E5204E8D7100696EBD /* Main.storyboard in Resources */ = {isa = PBXBuildFile; fileRef = 4E1E36E3204E8D7100696EBD /* Main.storyboard */; };
		4E1E36E7204E8D7100696EBD /* Assets.xcassets in Resources */ = {isa = PBXBuildFile; fileRef = 4E1E36E6204E8D7100696EBD /* Assets.xcassets */; };
		4E1E36EA204E8D7100696EBD /* LaunchScreen.storyboard in Resources */ = {isa = PBXBuildFile; fileRef = 4E1E36E8204E8D7100696EBD /* LaunchScreen.storyboard */; };
		4E1E36F3204E8E1900696EBD /* PhoneBookController.swift in Sources */ = {isa = PBXBuildFile; fileRef = 4E1E36F2204E8E1900696EBD /* PhoneBookController.swift */; };
		4E1E36F5204E8E2F00696EBD /* DetailViewController.swift in Sources */ = {isa = PBXBuildFile; fileRef = 4E1E36F4204E8E2F00696EBD /* DetailViewController.swift */; };
		4E1E36F7204E905D00696EBD /* DetailViewCell.swift in Sources */ = {isa = PBXBuildFile; fileRef = 4E1E36F6204E905D00696EBD /* DetailViewCell.swift */; };
		4E1E36F9204E93F300696EBD /* Contact.swift in Sources */ = {isa = PBXBuildFile; fileRef = 4E1E36F8204E93F300696EBD /* Contact.swift */; };
/* End PBXBuildFile section */

/* Begin PBXFileReference section */
		4E1E36DC204E8D7100696EBD /* Phone Book.app */ = {isa = PBXFileReference; explicitFileType = wrapper.application; includeInIndex = 0; path = "Phone Book.app"; sourceTree = BUILT_PRODUCTS_DIR; };
		4E1E36DF204E8D7100696EBD /* AppDelegate.swift */ = {isa = PBXFileReference; lastKnownFileType = sourcecode.swift; path = AppDelegate.swift; sourceTree = "<group>"; };
		4E1E36E4204E8D7100696EBD /* Base */ = {isa = PBXFileReference; lastKnownFileType = file.storyboard; name = Base; path = Base.lproj/Main.storyboard; sourceTree = "<group>"; };
		4E1E36E6204E8D7100696EBD /* Assets.xcassets */ = {isa = PBXFileReference; lastKnownFileType = folder.assetcatalog; path = Assets.xcassets; sourceTree = "<group>"; };
		4E1E36E9204E8D7100696EBD /* Base */ = {isa = PBXFileReference; lastKnownFileType = file.storyboard; name = Base; path = Base.lproj/LaunchScreen.storyboard; sourceTree = "<group>"; };
		4E1E36EB204E8D7100696EBD /* Info.plist */ = {isa = PBXFileReference; lastKnownFileType = text.plist.xml; path = Info.plist; sourceTree = "<group>"; };
		4E1E36F2204E8E1900696EBD /* PhoneBookController.swift */ = {isa = PBXFileReference; lastKnownFileType = sourcecode.swift; path = PhoneBookController.swift; sourceTree = "<group>"; };
		4E1E36F4204E8E2F00696EBD /* DetailViewController.swift */ = {isa = PBXFileReference; lastKnownFileType = sourcecode.swift; path = DetailViewController.swift; sourceTree = "<group>"; };
		4E1E36F6204E905D00696EBD /* DetailViewCell.swift */ = {isa = PBXFileReference; lastKnownFileType = sourcecode.swift; path = DetailViewCell.swift; sourceTree = "<group>"; };
		4E1E36F8204E93F300696EBD /* Contact.swift */ = {isa = PBXFileReference; lastKnownFileType = sourcecode.swift; path = Contact.swift; sourceTree = "<group>"; };
/* End PBXFileReference section */

/* Begin PBXFrameworksBuildPhase section */
		4E1E36D9204E8D7100696EBD /* Frameworks */ = {
			isa = PBXFrameworksBuildPhase;
			buildActionMask = 2147483647;
			files = (
			);
			runOnlyForDeploymentPostprocessing = 0;
		};
/* End PBXFrameworksBuildPhase section */

/* Begin PBXGroup section */
		4E1E36D3204E8D7100696EBD = {
			isa = PBXGroup;
			children = (
				4E1E36DE204E8D7100696EBD /* Phone Book */,
				4E1E36DD204E8D7100696EBD /* Products */,
			);
			sourceTree = "<group>";
		};
		4E1E36DD204E8D7100696EBD /* Products */ = {
			isa = PBXGroup;
			children = (
				4E1E36DC204E8D7100696EBD /* Phone Book.app */,
			);
			name = Products;
			sourceTree = "<group>";
		};
		4E1E36DE204E8D7100696EBD /* Phone Book */ = {
			isa = PBXGroup;
			children = (
				4E1E36E3204E8D7100696EBD /* Main.storyboard */,
				4E1E36F2204E8E1900696EBD /* PhoneBookController.swift */,
				4E1E36F6204E905D00696EBD /* DetailViewCell.swift */,
				4E1E36F4204E8E2F00696EBD /* DetailViewController.swift */,
				4E1E36F8204E93F300696EBD /* Contact.swift */,
				4E1E36F1204E8D7C00696EBD /* Supporting Files */,
				4E1E36EB204E8D7100696EBD /* Info.plist */,
			);
			path = "Phone Book";
			sourceTree = "<group>";
		};
		4E1E36F1204E8D7C00696EBD /* Supporting Files */ = {
			isa = PBXGroup;
			children = (
				4E1E36DF204E8D7100696EBD /* AppDelegate.swift */,
				4E1E36E6204E8D7100696EBD /* Assets.xcassets */,
				4E1E36E8204E8D7100696EBD /* LaunchScreen.storyboard */,
			);
			path = "Supporting Files";
			sourceTree = "<group>";
		};
/* End PBXGroup section */

/* Begin PBXNativeTarget section */
		4E1E36DB204E8D7100696EBD /* Phone Book */ = {
			isa = PBXNativeTarget;
			buildConfigurationList = 4E1E36EE204E8D7100696EBD /* Build configuration list for PBXNativeTarget "Phone Book" */;
			buildPhases = (
				4E1E36D8204E8D7100696EBD /* Sources */,
				4E1E36D9204E8D7100696EBD /* Frameworks */,
				4E1E36DA204E8D7100696EBD /* Resources */,
			);
			buildRules = (
			);
			dependencies = (
			);
			name = "Phone Book";
			productName = "Phone Book";
			productReference = 4E1E36DC204E8D7100696EBD /* Phone Book.app */;
			productType = "com.apple.product-type.application";
		};
/* End PBXNativeTarget section */

/* Begin PBXProject section */
		4E1E36D4204E8D7100696EBD /* Project object */ = {
			isa = PBXProject;
			attributes = {
				LastSwiftUpdateCheck = 0920;
				LastUpgradeCheck = 0920;
				ORGANIZATIONNAME = "Pavlo Novak";
				TargetAttributes = {
					4E1E36DB204E8D7100696EBD = {
						CreatedOnToolsVersion = 9.2;
						ProvisioningStyle = Automatic;
					};
				};
			};
			buildConfigurationList = 4E1E36D7204E8D7100696EBD /* Build configuration list for PBXProject "Phone Book" */;
			compatibilityVersion = "Xcode 8.0";
			developmentRegion = en;
			hasScannedForEncodings = 0;
			knownRegions = (
				en,
				Base,
			);
			mainGroup = 4E1E36D3204E8D7100696EBD;
			productRefGroup = 4E1E36DD204E8D7100696EBD /* Products */;
			projectDirPath = "";
			projectRoot = "";
			targets = (
				4E1E36DB204E8D7100696EBD /* Phone Book */,
			);
		};
/* End PBXProject section */

/* Begin PBXResourcesBuildPhase section */
		4E1E36DA204E8D7100696EBD /* Resources */ = {
			isa = PBXResourcesBuildPhase;
			buildActionMask = 2147483647;
			files = (
				4E1E36EA204E8D7100696EBD /* LaunchScreen.storyboard in Resources */,
				4E1E36E7204E8D7100696EBD /* Assets.xcassets in Resources */,
				4E1E36E5204E8D7100696EBD /* Main.storyboard in Resources */,
			);
			runOnlyForDeploymentPostprocessing = 0;
		};
/* End PBXResourcesBuildPhase section */

/* Begin PBXSourcesBuildPhase section */
		4E1E36D8204E8D7100696EBD /* Sources */ = {
			isa = PBXSourcesBuildPhase;
			buildActionMask = 2147483647;
			files = (
				4E1E36F5204E8E2F00696EBD /* DetailViewController.swift in Sources */,
				4E1E36F7204E905D00696EBD /* DetailViewCell.swift in Sources */,
				4E1E36F9204E93F300696EBD /* Contact.swift in Sources */,
				4E1E36E0204E8D7100696EBD /* AppDelegate.swift in Sources */,
				4E1E36F3204E8E1900696EBD /* PhoneBookController.swift in Sources */,
			);
			runOnlyForDeploymentPostprocessing = 0;
		};
/* End PBXSourcesBuildPhase section */

/* Begin PBXVariantGroup section */
		4E1E36E3204E8D7100696EBD /* Main.storyboard */ = {
			isa = PBXVariantGroup;
			children = (
				4E1E36E4204E8D7100696EBD /* Base */,
			);
			name = Main.storyboard;
			sourceTree = "<group>";
		};
		4E1E36E8204E8D7100696EBD /* LaunchScreen.storyboard */ = {
			isa = PBXVariantGroup;
			children = (
				4E1E36E9204E8D7100696EBD /* Base */,
			);
			name = LaunchScreen.storyboard;
			sourceTree = "<group>";
		};
/* End PBXVariantGroup section */

/* Begin XCBuildConfiguration section */
		4E1E36EC204E8D7100696EBD /* Debug */ = {
			isa = XCBuildConfiguration;
			buildSettings = {
				ALWAYS_SEARCH_USER_PATHS = NO;
				CLANG_ANALYZER_NONNULL = YES;
				CLANG_ANALYZER_NUMBER_OBJECT_CONVERSION = YES_AGGRESSIVE;
				CLANG_CXX_LANGUAGE_STANDARD = "gnu++14";
				CLANG_CXX_LIBRARY = "libc++";
				CLANG_ENABLE_MODULES = YES;
				CLANG_ENABLE_OBJC_ARC = YES;
				CLANG_WARN_BLOCK_CAPTURE_AUTORELEASING = YES;
				CLANG_WARN_BOOL_CONVERSION = YES;
				CLANG_WARN_COMMA = YES;
				CLANG_WARN_CONSTANT_CONVERSION = YES;
				CLANG_WARN_DIRECT_OBJC_ISA_USAGE = YES_ERROR;
				CLANG_WARN_DOCUMENTATION_COMMENTS = YES;
				CLANG_WARN_EMPTY_BODY = YES;
				CLANG_WARN_ENUM_CONVERSION = YES;
				CLANG_WARN_INFINITE_RECURSION = YES;
				CLANG_WARN_INT_CONVERSION = YES;
				CLANG_WARN_NON_LITERAL_NULL_CONVERSION = YES;
				CLANG_WARN_OBJC_LITERAL_CONVERSION = YES;
				CLANG_WARN_OBJC_ROOT_CLASS = YES_ERROR;
				CLANG_WARN_RANGE_LOOP_ANALYSIS = YES;
				CLANG_WARN_STRICT_PROTOTYPES = YES;
				CLANG_WARN_SUSPICIOUS_MOVE = YES;
				CLANG_WARN_UNGUARDED_AVAILABILITY = YES_AGGRESSIVE;
				CLANG_WARN_UNREACHABLE_CODE = YES;
				CLANG_WARN__DUPLICATE_METHOD_MATCH = YES;
				CODE_SIGN_IDENTITY = "iPhone Developer";
				COPY_PHASE_STRIP = NO;
				DEBUG_INFORMATION_FORMAT = dwarf;
				ENABLE_STRICT_OBJC_MSGSEND = YES;
				ENABLE_TESTABILITY = YES;
				GCC_C_LANGUAGE_STANDARD = gnu11;
				GCC_DYNAMIC_NO_PIC = NO;
				GCC_NO_COMMON_BLOCKS = YES;
				GCC_OPTIMIZATION_LEVEL = 0;
				GCC_PREPROCESSOR_DEFINITIONS = (
					"DEBUG=1",
					"$(inherited)",
				);
				GCC_WARN_64_TO_32_BIT_CONVERSION = YES;
				GCC_WARN_ABOUT_RETURN_TYPE = YES_ERROR;
				GCC_WARN_UNDECLARED_SELECTOR = YES;
				GCC_WARN_UNINITIALIZED_AUTOS = YES_AGGRESSIVE;
				GCC_WARN_UNUSED_FUNCTION = YES;
				GCC_WARN_UNUSED_VARIABLE = YES;
				IPHONEOS_DEPLOYMENT_TARGET = 11.2;
				MTL_ENABLE_DEBUG_INFO = YES;
				ONLY_ACTIVE_ARCH = YES;
				SDKROOT = iphoneos;
				SWIFT_ACTIVE_COMPILATION_CONDITIONS = DEBUG;
				SWIFT_OPTIMIZATION_LEVEL = "-Onone";
			};
			name = Debug;
		};
		4E1E36ED204E8D7100696EBD /* Release */ = {
			isa = XCBuildConfiguration;
			buildSettings = {
				ALWAYS_SEARCH_USER_PATHS = NO;
				CLANG_ANALYZER_NONNULL = YES;
				CLANG_ANALYZER_NUMBER_OBJECT_CONVERSION = YES_AGGRESSIVE;
				CLANG_CXX_LANGUAGE_STANDARD = "gnu++14";
				CLANG_CXX_LIBRARY = "libc++";
				CLANG_ENABLE_MODULES = YES;
				CLANG_ENABLE_OBJC_ARC = YES;
				CLANG_WARN_BLOCK_CAPTURE_AUTORELEASING = YES;
				CLANG_WARN_BOOL_CONVERSION = YES;
				CLANG_WARN_COMMA = YES;
				CLANG_WARN_CONSTANT_CONVERSION = YES;
				CLANG_WARN_DIRECT_OBJC_ISA_USAGE = YES_ERROR;
				CLANG_WARN_DOCUMENTATION_COMMENTS = YES;
				CLANG_WARN_EMPTY_BODY = YES;
				CLANG_WARN_ENUM_CONVERSION = YES;
				CLANG_WARN_INFINITE_RECURSION = YES;
				CLANG_WARN_INT_CONVERSION = YES;
				CLANG_WARN_NON_LITERAL_NULL_CONVERSION = YES;
				CLANG_WARN_OBJC_LITERAL_CONVERSION = YES;
				CLANG_WARN_OBJC_ROOT_CLASS = YES_ERROR;
				CLANG_WARN_RANGE_LOOP_ANALYSIS = YES;
				CLANG_WARN_STRICT_PROTOTYPES = YES;
				CLANG_WARN_SUSPICIOUS_MOVE = YES;
				CLANG_WARN_UNGUARDED_AVAILABILITY = YES_AGGRESSIVE;
				CLANG_WARN_UNREACHABLE_CODE = YES;
				CLANG_WARN__DUPLICATE_METHOD_MATCH = YES;
				CODE_SIGN_IDENTITY = "iPhone Developer";
				COPY_PHASE_STRIP = NO;
				DEBUG_INFORMATION_FORMAT = "dwarf-with-dsym";
				ENABLE_NS_ASSERTIONS = NO;
				ENABLE_STRICT_OBJC_MSGSEND = YES;
				GCC_C_LANGUAGE_STANDARD = gnu11;
				GCC_NO_COMMON_BLOCKS = YES;
				GCC_WARN_64_TO_32_BIT_CONVERSION = YES;
				GCC_WARN_ABOUT_RETURN_TYPE = YES_ERROR;
				GCC_WARN_UNDECLARED_SELECTOR = YES;
				GCC_WARN_UNINITIALIZED_AUTOS = YES_AGGRESSIVE;
				GCC_WARN_UNUSED_FUNCTION = YES;
				GCC_WARN_UNUSED_VARIABLE = YES;
				IPHONEOS_DEPLOYMENT_TARGET = 11.2;
				MTL_ENABLE_DEBUG_INFO = NO;
				SDKROOT = iphoneos;
				SWIFT_OPTIMIZATION_LEVEL = "-Owholemodule";
				VALIDATE_PRODUCT = YES;
			};
			name = Release;
		};
		4E1E36EF204E8D7100696EBD /* Debug */ = {
			isa = XCBuildConfiguration;
			buildSettings = {
				ASSETCATALOG_COMPILER_APPICON_NAME = AppIcon;
				CODE_SIGN_STYLE = Automatic;
				DEVELOPMENT_TEAM = 77VXLR34EW;
				INFOPLIST_FILE = "Phone Book/Info.plist";
				LD_RUNPATH_SEARCH_PATHS = "$(inherited) @executable_path/Frameworks";
				PRODUCT_BUNDLE_IDENTIFIER = "Novak-Inc.Phone-Book";
				PRODUCT_NAME = "$(TARGET_NAME)";
				SWIFT_VERSION = 4.0;
				TARGETED_DEVICE_FAMILY = "1,2";
			};
			name = Debug;
		};
		4E1E36F0204E8D7100696EBD /* Release */ = {
			isa = XCBuildConfiguration;
			buildSettings = {
				ASSETCATALOG_COMPILER_APPICON_NAME = AppIcon;
				CODE_SIGN_STYLE = Automatic;
				DEVELOPMENT_TEAM = 77VXLR34EW;
				INFOPLIST_FILE = "Phone Book/Info.plist";
				LD_RUNPATH_SEARCH_PATHS = "$(inherited) @executable_path/Frameworks";
				PRODUCT_BUNDLE_IDENTIFIER = "Novak-Inc.Phone-Book";
				PRODUCT_NAME = "$(TARGET_NAME)";
				SWIFT_VERSION = 4.0;
				TARGETED_DEVICE_FAMILY = "1,2";
			};
			name = Release;
		};
/* End XCBuildConfiguration section */

/* Begin XCConfigurationList section */
		4E1E36D7204E8D7100696EBD /* Build configuration list for PBXProject "Phone Book" */ = {
			isa = XCConfigurationList;
			buildConfigurations = (
				4E1E36EC204E8D7100696EBD /* Debug */,
				4E1E36ED204E8D7100696EBD /* Release */,
			);
			defaultConfigurationIsVisible = 0;
			defaultConfigurationName = Release;
		};
		4E1E36EE204E8D7100696EBD /* Build configuration list for PBXNativeTarget "Phone Book" */ = {
			isa = XCConfigurationList;
			buildConfigurations = (
				4E1E36EF204E8D7100696EBD /* Debug */,
				4E1E36F0204E8D7100696EBD /* Release */,
			);
			defaultConfigurationIsVisible = 0;
			defaultConfigurationName = Release;
		};
/* End XCConfigurationList section */
	};
	rootObject = 4E1E36D4204E8D7100696EBD /* Project object */;
}
